<?xml version="1.0" encoding="utf-8"?>
<Project ToolsVersion="4.0" xmlns="http://schemas.microsoft.com/developer/msbuild/2003">
  <ItemGroup>
    <Filter Include="Headres">
      <UniqueIdentifier>{3d46aab2-61a4-4e0a-891e-3f66de74b254}</UniqueIdentifier>
    </Filter>
  </ItemGroup>
  <ItemGroup>
    <ClCompile Include="FilesysLib.cpp" />
  </ItemGroup>
  <ItemGroup>
    <ClInclude Include="..\Include\FilesysLib.h">
      <Filter>Headres</Filter>
    </ClInclude>
  </ItemGroup>
</Project>